
Microsoft Visual Studio Solution File, Format Version 12.00
# Visual Studio Version 16
VisualStudioVersion = 16.0.31205.134
MinimumVisualStudioVersion = 10.0.40219.1
Project("{FAE04EC0-301F-11D3-BF4B-00C04F79EFBC}") = "WFLAb1", "WFLAb1\WFLAb1.csproj", "{FC24E510-F0C6-4F3C-BBEC-AD7A008E287E}"
EndProject
Project("{FAE04EC0-301F-11D3-BF4B-00C04F79EFBC}") = "WFlab1_2", "WFlab1_2\WFlab1_2.csproj", "{43C1337F-DDED-454A-B0DD-506C82D7D0C3}"
EndProject
Global
	GlobalSection(SolutionConfigurationPlatforms) = preSolution
		Debug|Any CPU = Debug|Any CPU
		Release|Any CPU = Release|Any CPU
	EndGlobalSection
	GlobalSection(ProjectConfigurationPlatforms) = postSolution
		{FC24E510-F0C6-4F3C-BBEC-AD7A008E287E}.Debug|Any CPU.ActiveCfg = Debug|Any CPU
		{FC24E510-F0C6-4F3C-BBEC-AD7A008E287E}.Debug|Any CPU.Build.0 = Debug|Any CPU
		{FC24E510-F0C6-4F3C-BBEC-AD7A008E287E}.Release|Any CPU.ActiveCfg = Release|Any CPU
		{FC24E510-F0C6-4F3C-BBEC-AD7A008E287E}.Release|Any CPU.Build.0 = Release|Any CPU
		{43C1337F-DDED-454A-B0DD-506C82D7D0C3}.Debug|Any CPU.ActiveCfg = Debug|Any CPU
		{43C1337F-DDED-454A-B0DD-506C82D7D0C3}.Debug|Any CPU.Build.0 = Debug|Any CPU
		{43C1337F-DDED-454A-B0DD-506C82D7D0C3}.Release|Any CPU.ActiveCfg = Release|Any CPU
		{43C1337F-DDED-454A-B0DD-506C82D7D0C3}.Release|Any CPU.Build.0 = Release|Any CPU
	EndGlobalSection
	GlobalSection(SolutionProperties) = preSolution
		HideSolutionNode = FALSE
	EndGlobalSection
	GlobalSection(ExtensibilityGlobals) = postSolution
		SolutionGuid = {F93CEC7B-1DD8-4AC9-A351-4C3DC6B75CCE}
	EndGlobalSection
EndGlobal
